{
  "name": "ajs-homeworks_platforms-test",
  "version": "1.0.0",
  "lockfileVersion": 3,
  "requires": true,
  "packages": {
    "": {
      "name": "ajs-homeworks_platforms-test",
      "version": "1.0.0",
      "license": "ISC",
      "dependencies": {
        "@kos4/ajs-homeworks_platforms": "^1.0.0"
      }
    },
    "node_modules/@kos4/ajs-homeworks_platforms": {
      "version": "1.0.0",
      "resolved": "https://npm.pkg.github.com/download/@kos4/ajs-homeworks_platforms/1.0.0/7930fd0439774a6b485447b525b7e6f524c3f8ad",
      "integrity": "sha512-o5V6ytInfHsv4yw4hA0ySW1Eit7X35H13w0tJJ/NRSRtuM9eD8qZ86rsZA9wOhLzvrf83PdpfJ+UZZ2aDYvWNg=="
    }
  }
}
